
Microsoft Visual Studio Solution File, Format Version 12.00
# Visual Studio 15
VisualStudioVersion = 15.0.27130.2027
MinimumVisualStudioVersion = 10.0.40219.1
Project("{FAE04EC0-301F-11D3-BF4B-00C04F79EFBC}") = "AspNetIdentity", "AspNetIdentity\AspNetIdentity.csproj", "{7F886C18-E68B-456A-8880-5A3D29505037}"
EndProject
Global
	GlobalSection(SolutionConfigurationPlatforms) = preSolution
		Debug|Any CPU = Debug|Any CPU
		Release|Any CPU = Release|Any CPU
	EndGlobalSection
	GlobalSection(ProjectConfigurationPlatforms) = postSolution
		{7F886C18-E68B-456A-8880-5A3D29505037}.Debug|Any CPU.ActiveCfg = Debug|Any CPU
		{7F886C18-E68B-456A-8880-5A3D29505037}.Debug|Any CPU.Build.0 = Debug|Any CPU
		{7F886C18-E68B-456A-8880-5A3D29505037}.Release|Any CPU.ActiveCfg = Release|Any CPU
		{7F886C18-E68B-456A-8880-5A3D29505037}.Release|Any CPU.Build.0 = Release|Any CPU
	EndGlobalSection
	GlobalSection(SolutionProperties) = preSolution
		HideSolutionNode = FALSE
	EndGlobalSection
	GlobalSection(ExtensibilityGlobals) = postSolution
		SolutionGuid = {792C3AFE-BF6B-4851-8605-16443A5042C5}
	EndGlobalSection
EndGlobal
